
Microsoft Visual Studio Solution File, Format Version 12.00
# Visual Studio 2012
Project("{FAE04EC0-301F-11D3-BF4B-00C04F79EFBC}") = "MineLib.GraphicClient", "MineLib.GraphicClient.csproj", "{D1768885-E094-4CEF-921E-E565223440C1}"
EndProject
Project("{FAE04EC0-301F-11D3-BF4B-00C04F79EFBC}") = "MineLib.ClientWrapper", "MineLib.ClientWrapper\MineLib.ClientWrapper.csproj", "{CE1D9FC2-2CBF-432F-9BA6-69D79CF870EA}"
EndProject
Project("{FAE04EC0-301F-11D3-BF4B-00C04F79EFBC}") = "MineLib.Network", "MineLib.ClientWrapper\Network\MineLib.Network.csproj", "{E7C8320E-49A4-4187-AFE3-15C814201E1E}"
EndProject
Global
	GlobalSection(SolutionConfigurationPlatforms) = preSolution
		Debug Linux|Any CPU = Debug Linux|Any CPU
		Debug Linux|Mixed Platforms = Debug Linux|Mixed Platforms
		Debug Linux|x64 = Debug Linux|x64
		Debug Linux|x86 = Debug Linux|x86
		Debug OS X|Any CPU = Debug OS X|Any CPU
		Debug OS X|Mixed Platforms = Debug OS X|Mixed Platforms
		Debug OS X|x64 = Debug OS X|x64
		Debug OS X|x86 = Debug OS X|x86
		Debug Windows|Any CPU = Debug Windows|Any CPU
		Debug Windows|Mixed Platforms = Debug Windows|Mixed Platforms
		Debug Windows|x64 = Debug Windows|x64
		Debug Windows|x86 = Debug Windows|x86
		Debug|Any CPU = Debug|Any CPU
		Debug|Mixed Platforms = Debug|Mixed Platforms
		Debug|x64 = Debug|x64
		Debug|x86 = Debug|x86
		Release Linux|Any CPU = Release Linux|Any CPU
		Release Linux|Mixed Platforms = Release Linux|Mixed Platforms
		Release Linux|x64 = Release Linux|x64
		Release Linux|x86 = Release Linux|x86
		Release OS X|Any CPU = Release OS X|Any CPU
		Release OS X|Mixed Platforms = Release OS X|Mixed Platforms
		Release OS X|x64 = Release OS X|x64
		Release OS X|x86 = Release OS X|x86
		Release Windows|Any CPU = Release Windows|Any CPU
		Release Windows|Mixed Platforms = Release Windows|Mixed Platforms
		Release Windows|x64 = Release Windows|x64
		Release Windows|x86 = Release Windows|x86
		Release|Any CPU = Release|Any CPU
		Release|Mixed Platforms = Release|Mixed Platforms
		Release|x64 = Release|x64
		Release|x86 = Release|x86
	EndGlobalSection
	GlobalSection(ProjectConfigurationPlatforms) = postSolution
		{D1768885-E094-4CEF-921E-E565223440C1}.Debug Linux|Any CPU.ActiveCfg = Debug|Any CPU
		{D1768885-E094-4CEF-921E-E565223440C1}.Debug Linux|Any CPU.Build.0 = Debug|Any CPU
		{D1768885-E094-4CEF-921E-E565223440C1}.Debug Linux|Mixed Platforms.ActiveCfg = Debug|x86
		{D1768885-E094-4CEF-921E-E565223440C1}.Debug Linux|Mixed Platforms.Build.0 = Debug|x86
		{D1768885-E094-4CEF-921E-E565223440C1}.Debug Linux|x64.ActiveCfg = Debug|Any CPU
		{D1768885-E094-4CEF-921E-E565223440C1}.Debug Linux|x86.ActiveCfg = Debug|x86
		{D1768885-E094-4CEF-921E-E565223440C1}.Debug Linux|x86.Build.0 = Debug|x86
		{D1768885-E094-4CEF-921E-E565223440C1}.Debug OS X|Any CPU.ActiveCfg = Debug|Any CPU
		{D1768885-E094-4CEF-921E-E565223440C1}.Debug OS X|Any CPU.Build.0 = Debug|Any CPU
		{D1768885-E094-4CEF-921E-E565223440C1}.Debug OS X|Mixed Platforms.ActiveCfg = Debug|x86
		{D1768885-E094-4CEF-921E-E565223440C1}.Debug OS X|Mixed Platforms.Build.0 = Debug|x86
		{D1768885-E094-4CEF-921E-E565223440C1}.Debug OS X|x64.ActiveCfg = Debug|Any CPU
		{D1768885-E094-4CEF-921E-E565223440C1}.Debug OS X|x86.ActiveCfg = Debug|x86
		{D1768885-E094-4CEF-921E-E565223440C1}.Debug OS X|x86.Build.0 = Debug|x86
		{D1768885-E094-4CEF-921E-E565223440C1}.Debug Windows|Any CPU.ActiveCfg = Debug|Any CPU
		{D1768885-E094-4CEF-921E-E565223440C1}.Debug Windows|Any CPU.Build.0 = Debug|Any CPU
		{D1768885-E094-4CEF-921E-E565223440C1}.Debug Windows|Mixed Platforms.ActiveCfg = Debug|x86
		{D1768885-E094-4CEF-921E-E565223440C1}.Debug Windows|Mixed Platforms.Build.0 = Debug|x86
		{D1768885-E094-4CEF-921E-E565223440C1}.Debug Windows|x64.ActiveCfg = Debug|Any CPU
		{D1768885-E094-4CEF-921E-E565223440C1}.Debug Windows|x86.ActiveCfg = Debug|x86
		{D1768885-E094-4CEF-921E-E565223440C1}.Debug Windows|x86.Build.0 = Debug|x86
		{D1768885-E094-4CEF-921E-E565223440C1}.Debug|Any CPU.ActiveCfg = Debug|Any CPU
		{D1768885-E094-4CEF-921E-E565223440C1}.Debug|Any CPU.Build.0 = Debug|Any CPU
		{D1768885-E094-4CEF-921E-E565223440C1}.Debug|Mixed Platforms.ActiveCfg = Debug|x86
		{D1768885-E094-4CEF-921E-E565223440C1}.Debug|Mixed Platforms.Build.0 = Debug|x86
		{D1768885-E094-4CEF-921E-E565223440C1}.Debug|x64.ActiveCfg = Debug|x86
		{D1768885-E094-4CEF-921E-E565223440C1}.Debug|x64.Build.0 = Debug|x86
		{D1768885-E094-4CEF-921E-E565223440C1}.Debug|x86.ActiveCfg = Debug|x86
		{D1768885-E094-4CEF-921E-E565223440C1}.Debug|x86.Build.0 = Debug|x86
		{D1768885-E094-4CEF-921E-E565223440C1}.Release Linux|Any CPU.ActiveCfg = Release|Any CPU
		{D1768885-E094-4CEF-921E-E565223440C1}.Release Linux|Any CPU.Build.0 = Release|Any CPU
		{D1768885-E094-4CEF-921E-E565223440C1}.Release Linux|Mixed Platforms.ActiveCfg = Release|x86
		{D1768885-E094-4CEF-921E-E565223440C1}.Release Linux|Mixed Platforms.Build.0 = Release|x86
		{D1768885-E094-4CEF-921E-E565223440C1}.Release Linux|x64.ActiveCfg = Release|Any CPU
		{D1768885-E094-4CEF-921E-E565223440C1}.Release Linux|x86.ActiveCfg = Release|x86
		{D1768885-E094-4CEF-921E-E565223440C1}.Release Linux|x86.Build.0 = Release|x86
		{D1768885-E094-4CEF-921E-E565223440C1}.Release OS X|Any CPU.ActiveCfg = Release|Any CPU
		{D1768885-E094-4CEF-921E-E565223440C1}.Release OS X|Any CPU.Build.0 = Release|Any CPU
		{D1768885-E094-4CEF-921E-E565223440C1}.Release OS X|Mixed Platforms.ActiveCfg = Release|x86
		{D1768885-E094-4CEF-921E-E565223440C1}.Release OS X|Mixed Platforms.Build.0 = Release|x86
		{D1768885-E094-4CEF-921E-E565223440C1}.Release OS X|x64.ActiveCfg = Release|Any CPU
		{D1768885-E094-4CEF-921E-E565223440C1}.Release OS X|x86.ActiveCfg = Release|x86
		{D1768885-E094-4CEF-921E-E565223440C1}.Release OS X|x86.Build.0 = Release|x86
		{D1768885-E094-4CEF-921E-E565223440C1}.Release Windows|Any CPU.ActiveCfg = Release|Any CPU
		{D1768885-E094-4CEF-921E-E565223440C1}.Release Windows|Any CPU.Build.0 = Release|Any CPU
		{D1768885-E094-4CEF-921E-E565223440C1}.Release Windows|Mixed Platforms.ActiveCfg = Release|x86
		{D1768885-E094-4CEF-921E-E565223440C1}.Release Windows|Mixed Platforms.Build.0 = Release|x86
		{D1768885-E094-4CEF-921E-E565223440C1}.Release Windows|x64.ActiveCfg = Release|Any CPU
		{D1768885-E094-4CEF-921E-E565223440C1}.Release Windows|x86.ActiveCfg = Release|x86
		{D1768885-E094-4CEF-921E-E565223440C1}.Release Windows|x86.Build.0 = Release|x86
		{D1768885-E094-4CEF-921E-E565223440C1}.Release|Any CPU.ActiveCfg = Release|Any CPU
		{D1768885-E094-4CEF-921E-E565223440C1}.Release|Any CPU.Build.0 = Release|Any CPU
		{D1768885-E094-4CEF-921E-E565223440C1}.Release|Mixed Platforms.ActiveCfg = Release|x86
		{D1768885-E094-4CEF-921E-E565223440C1}.Release|Mixed Platforms.Build.0 = Release|x86
		{D1768885-E094-4CEF-921E-E565223440C1}.Release|x64.ActiveCfg = Release|Any CPU
		{D1768885-E094-4CEF-921E-E565223440C1}.Release|x64.Build.0 = Release|Any CPU
		{D1768885-E094-4CEF-921E-E565223440C1}.Release|x86.ActiveCfg = Release|x86
		{D1768885-E094-4CEF-921E-E565223440C1}.Release|x86.Build.0 = Release|x86
		{CE1D9FC2-2CBF-432F-9BA6-69D79CF870EA}.Debug Linux|Any CPU.ActiveCfg = Debug|Any CPU
		{CE1D9FC2-2CBF-432F-9BA6-69D79CF870EA}.Debug Linux|Any CPU.Build.0 = Debug|Any CPU
		{CE1D9FC2-2CBF-432F-9BA6-69D79CF870EA}.Debug Linux|Mixed Platforms.ActiveCfg = Debug|x86
		{CE1D9FC2-2CBF-432F-9BA6-69D79CF870EA}.Debug Linux|Mixed Platforms.Build.0 = Debug|x86
		{CE1D9FC2-2CBF-432F-9BA6-69D79CF870EA}.Debug Linux|x64.ActiveCfg = Debug|x64
		{CE1D9FC2-2CBF-432F-9BA6-69D79CF870EA}.Debug Linux|x64.Build.0 = Debug|x64
		{CE1D9FC2-2CBF-432F-9BA6-69D79CF870EA}.Debug Linux|x86.ActiveCfg = Debug|x86
		{CE1D9FC2-2CBF-432F-9BA6-69D79CF870EA}.Debug Linux|x86.Build.0 = Debug|x86
		{CE1D9FC2-2CBF-432F-9BA6-69D79CF870EA}.Debug OS X|Any CPU.ActiveCfg = Debug|Any CPU
		{CE1D9FC2-2CBF-432F-9BA6-69D79CF870EA}.Debug OS X|Any CPU.Build.0 = Debug|Any CPU
		{CE1D9FC2-2CBF-432F-9BA6-69D79CF870EA}.Debug OS X|Mixed Platforms.ActiveCfg = Debug|x86
		{CE1D9FC2-2CBF-432F-9BA6-69D79CF870EA}.Debug OS X|Mixed Platforms.Build.0 = Debug|x86
		{CE1D9FC2-2CBF-432F-9BA6-69D79CF870EA}.Debug OS X|x64.ActiveCfg = Debug|x64
		{CE1D9FC2-2CBF-432F-9BA6-69D79CF870EA}.Debug OS X|x64.Build.0 = Debug|x64
		{CE1D9FC2-2CBF-432F-9BA6-69D79CF870EA}.Debug OS X|x86.ActiveCfg = Debug|x86
		{CE1D9FC2-2CBF-432F-9BA6-69D79CF870EA}.Debug OS X|x86.Build.0 = Debug|x86
		{CE1D9FC2-2CBF-432F-9BA6-69D79CF870EA}.Debug Windows|Any CPU.ActiveCfg = Debug|Any CPU
		{CE1D9FC2-2CBF-432F-9BA6-69D79CF870EA}.Debug Windows|Any CPU.Build.0 = Debug|Any CPU
		{CE1D9FC2-2CBF-432F-9BA6-69D79CF870EA}.Debug Windows|Mixed Platforms.ActiveCfg = Debug|x86
		{CE1D9FC2-2CBF-432F-9BA6-69D79CF870EA}.Debug Windows|Mixed Platforms.Build.0 = Debug|x86
		{CE1D9FC2-2CBF-432F-9BA6-69D79CF870EA}.Debug Windows|x64.ActiveCfg = Debug|x64
		{CE1D9FC2-2CBF-432F-9BA6-69D79CF870EA}.Debug Windows|x64.Build.0 = Debug|x64
		{CE1D9FC2-2CBF-432F-9BA6-69D79CF870EA}.Debug Windows|x86.ActiveCfg = Debug|x86
		{CE1D9FC2-2CBF-432F-9BA6-69D79CF870EA}.Debug Windows|x86.Build.0 = Debug|x86
		{CE1D9FC2-2CBF-432F-9BA6-69D79CF870EA}.Debug|Any CPU.ActiveCfg = Debug|Any CPU
		{CE1D9FC2-2CBF-432F-9BA6-69D79CF870EA}.Debug|Any CPU.Build.0 = Debug|Any CPU
		{CE1D9FC2-2CBF-432F-9BA6-69D79CF870EA}.Debug|Mixed Platforms.ActiveCfg = Debug|x86
		{CE1D9FC2-2CBF-432F-9BA6-69D79CF870EA}.Debug|Mixed Platforms.Build.0 = Debug|x86
		{CE1D9FC2-2CBF-432F-9BA6-69D79CF870EA}.Debug|x64.ActiveCfg = Debug|x64
		{CE1D9FC2-2CBF-432F-9BA6-69D79CF870EA}.Debug|x64.Build.0 = Debug|x64
		{CE1D9FC2-2CBF-432F-9BA6-69D79CF870EA}.Debug|x86.ActiveCfg = Debug|x86
		{CE1D9FC2-2CBF-432F-9BA6-69D79CF870EA}.Debug|x86.Build.0 = Debug|x86
		{CE1D9FC2-2CBF-432F-9BA6-69D79CF870EA}.Release Linux|Any CPU.ActiveCfg = Release|Any CPU
		{CE1D9FC2-2CBF-432F-9BA6-69D79CF870EA}.Release Linux|Any CPU.Build.0 = Release|Any CPU
		{CE1D9FC2-2CBF-432F-9BA6-69D79CF870EA}.Release Linux|Mixed Platforms.ActiveCfg = Release|x86
		{CE1D9FC2-2CBF-432F-9BA6-69D79CF870EA}.Release Linux|Mixed Platforms.Build.0 = Release|x86
		{CE1D9FC2-2CBF-432F-9BA6-69D79CF870EA}.Release Linux|x64.ActiveCfg = Release|x64
		{CE1D9FC2-2CBF-432F-9BA6-69D79CF870EA}.Release Linux|x64.Build.0 = Release|x64
		{CE1D9FC2-2CBF-432F-9BA6-69D79CF870EA}.Release Linux|x86.ActiveCfg = Release|x86
		{CE1D9FC2-2CBF-432F-9BA6-69D79CF870EA}.Release Linux|x86.Build.0 = Release|x86
		{CE1D9FC2-2CBF-432F-9BA6-69D79CF870EA}.Release OS X|Any CPU.ActiveCfg = Release|Any CPU
		{CE1D9FC2-2CBF-432F-9BA6-69D79CF870EA}.Release OS X|Any CPU.Build.0 = Release|Any CPU
		{CE1D9FC2-2CBF-432F-9BA6-69D79CF870EA}.Release OS X|Mixed Platforms.ActiveCfg = Release|x86
		{CE1D9FC2-2CBF-432F-9BA6-69D79CF870EA}.Release OS X|Mixed Platforms.Build.0 = Release|x86
		{CE1D9FC2-2CBF-432F-9BA6-69D79CF870EA}.Release OS X|x64.ActiveCfg = Release|x64
		{CE1D9FC2-2CBF-432F-9BA6-69D79CF870EA}.Release OS X|x64.Build.0 = Release|x64
		{CE1D9FC2-2CBF-432F-9BA6-69D79CF870EA}.Release OS X|x86.ActiveCfg = Release|x86
		{CE1D9FC2-2CBF-432F-9BA6-69D79CF870EA}.Release OS X|x86.Build.0 = Release|x86
		{CE1D9FC2-2CBF-432F-9BA6-69D79CF870EA}.Release Windows|Any CPU.ActiveCfg = Release|Any CPU
		{CE1D9FC2-2CBF-432F-9BA6-69D79CF870EA}.Release Windows|Any CPU.Build.0 = Release|Any CPU
		{CE1D9FC2-2CBF-432F-9BA6-69D79CF870EA}.Release Windows|Mixed Platforms.ActiveCfg = Release|x86
		{CE1D9FC2-2CBF-432F-9BA6-69D79CF870EA}.Release Windows|Mixed Platforms.Build.0 = Release|x86
		{CE1D9FC2-2CBF-432F-9BA6-69D79CF870EA}.Release Windows|x64.ActiveCfg = Release|x64
		{CE1D9FC2-2CBF-432F-9BA6-69D79CF870EA}.Release Windows|x64.Build.0 = Release|x64
		{CE1D9FC2-2CBF-432F-9BA6-69D79CF870EA}.Release Windows|x86.ActiveCfg = Release|x86
		{CE1D9FC2-2CBF-432F-9BA6-69D79CF870EA}.Release Windows|x86.Build.0 = Release|x86
		{CE1D9FC2-2CBF-432F-9BA6-69D79CF870EA}.Release|Any CPU.ActiveCfg = Release|Any CPU
		{CE1D9FC2-2CBF-432F-9BA6-69D79CF870EA}.Release|Any CPU.Build.0 = Release|Any CPU
		{CE1D9FC2-2CBF-432F-9BA6-69D79CF870EA}.Release|Mixed Platforms.ActiveCfg = Release|x86
		{CE1D9FC2-2CBF-432F-9BA6-69D79CF870EA}.Release|Mixed Platforms.Build.0 = Release|x86
		{CE1D9FC2-2CBF-432F-9BA6-69D79CF870EA}.Release|x64.ActiveCfg = Release|x64
		{CE1D9FC2-2CBF-432F-9BA6-69D79CF870EA}.Release|x64.Build.0 = Release|x64
		{CE1D9FC2-2CBF-432F-9BA6-69D79CF870EA}.Release|x86.ActiveCfg = Release|x86
		{CE1D9FC2-2CBF-432F-9BA6-69D79CF870EA}.Release|x86.Build.0 = Release|x86
		{E7C8320E-49A4-4187-AFE3-15C814201E1E}.Debug Linux|Any CPU.ActiveCfg = Debug|Any CPU
		{E7C8320E-49A4-4187-AFE3-15C814201E1E}.Debug Linux|Any CPU.Build.0 = Debug|Any CPU
		{E7C8320E-49A4-4187-AFE3-15C814201E1E}.Debug Linux|Mixed Platforms.ActiveCfg = Debug|Any CPU
		{E7C8320E-49A4-4187-AFE3-15C814201E1E}.Debug Linux|Mixed Platforms.Build.0 = Debug|Any CPU
		{E7C8320E-49A4-4187-AFE3-15C814201E1E}.Debug Linux|x64.ActiveCfg = Debug|Any CPU
		{E7C8320E-49A4-4187-AFE3-15C814201E1E}.Debug Linux|x86.ActiveCfg = Debug|Any CPU
		{E7C8320E-49A4-4187-AFE3-15C814201E1E}.Debug OS X|Any CPU.ActiveCfg = Debug|Any CPU
		{E7C8320E-49A4-4187-AFE3-15C814201E1E}.Debug OS X|Any CPU.Build.0 = Debug|Any CPU
		{E7C8320E-49A4-4187-AFE3-15C814201E1E}.Debug OS X|Mixed Platforms.ActiveCfg = Debug|Any CPU
		{E7C8320E-49A4-4187-AFE3-15C814201E1E}.Debug OS X|Mixed Platforms.Build.0 = Debug|Any CPU
		{E7C8320E-49A4-4187-AFE3-15C814201E1E}.Debug OS X|x64.ActiveCfg = Debug|Any CPU
		{E7C8320E-49A4-4187-AFE3-15C814201E1E}.Debug OS X|x86.ActiveCfg = Debug|Any CPU
		{E7C8320E-49A4-4187-AFE3-15C814201E1E}.Debug Windows|Any CPU.ActiveCfg = Debug|Any CPU
		{E7C8320E-49A4-4187-AFE3-15C814201E1E}.Debug Windows|Any CPU.Build.0 = Debug|Any CPU
		{E7C8320E-49A4-4187-AFE3-15C814201E1E}.Debug Windows|Mixed Platforms.ActiveCfg = Debug|Any CPU
		{E7C8320E-49A4-4187-AFE3-15C814201E1E}.Debug Windows|Mixed Platforms.Build.0 = Debug|Any CPU
		{E7C8320E-49A4-4187-AFE3-15C814201E1E}.Debug Windows|x64.ActiveCfg = Debug|Any CPU
		{E7C8320E-49A4-4187-AFE3-15C814201E1E}.Debug Windows|x86.ActiveCfg = Debug|Any CPU
		{E7C8320E-49A4-4187-AFE3-15C814201E1E}.Debug|Any CPU.ActiveCfg = Debug|Any CPU
		{E7C8320E-49A4-4187-AFE3-15C814201E1E}.Debug|Any CPU.Build.0 = Debug|Any CPU
		{E7C8320E-49A4-4187-AFE3-15C814201E1E}.Debug|Mixed Platforms.ActiveCfg = Debug|Any CPU
		{E7C8320E-49A4-4187-AFE3-15C814201E1E}.Debug|Mixed Platforms.Build.0 = Debug|Any CPU
		{E7C8320E-49A4-4187-AFE3-15C814201E1E}.Debug|x64.ActiveCfg = Debug|Any CPU
		{E7C8320E-49A4-4187-AFE3-15C814201E1E}.Debug|x64.Build.0 = Debug|Any CPU
		{E7C8320E-49A4-4187-AFE3-15C814201E1E}.Debug|x86.ActiveCfg = Debug|Any CPU
		{E7C8320E-49A4-4187-AFE3-15C814201E1E}.Debug|x86.Build.0 = Debug|Any CPU
		{E7C8320E-49A4-4187-AFE3-15C814201E1E}.Release Linux|Any CPU.ActiveCfg = Release|Any CPU
		{E7C8320E-49A4-4187-AFE3-15C814201E1E}.Release Linux|Any CPU.Build.0 = Release|Any CPU
		{E7C8320E-49A4-4187-AFE3-15C814201E1E}.Release Linux|Mixed Platforms.ActiveCfg = Release|Any CPU
		{E7C8320E-49A4-4187-AFE3-15C814201E1E}.Release Linux|Mixed Platforms.Build.0 = Release|Any CPU
		{E7C8320E-49A4-4187-AFE3-15C814201E1E}.Release Linux|x64.ActiveCfg = Release|Any CPU
		{E7C8320E-49A4-4187-AFE3-15C814201E1E}.Release Linux|x86.ActiveCfg = Release|Any CPU
		{E7C8320E-49A4-4187-AFE3-15C814201E1E}.Release OS X|Any CPU.ActiveCfg = Release|Any CPU
		{E7C8320E-49A4-4187-AFE3-15C814201E1E}.Release OS X|Any CPU.Build.0 = Release|Any CPU
		{E7C8320E-49A4-4187-AFE3-15C814201E1E}.Release OS X|Mixed Platforms.ActiveCfg = Release|Any CPU
		{E7C8320E-49A4-4187-AFE3-15C814201E1E}.Release OS X|Mixed Platforms.Build.0 = Release|Any CPU
		{E7C8320E-49A4-4187-AFE3-15C814201E1E}.Release OS X|x64.ActiveCfg = Release|Any CPU
		{E7C8320E-49A4-4187-AFE3-15C814201E1E}.Release OS X|x86.ActiveCfg = Release|Any CPU
		{E7C8320E-49A4-4187-AFE3-15C814201E1E}.Release Windows|Any CPU.ActiveCfg = Release|Any CPU
		{E7C8320E-49A4-4187-AFE3-15C814201E1E}.Release Windows|Any CPU.Build.0 = Release|Any CPU
		{E7C8320E-49A4-4187-AFE3-15C814201E1E}.Release Windows|Mixed Platforms.ActiveCfg = Release|Any CPU
		{E7C8320E-49A4-4187-AFE3-15C814201E1E}.Release Windows|Mixed Platforms.Build.0 = Release|Any CPU
		{E7C8320E-49A4-4187-AFE3-15C814201E1E}.Release Windows|x64.ActiveCfg = Release|Any CPU
		{E7C8320E-49A4-4187-AFE3-15C814201E1E}.Release Windows|x86.ActiveCfg = Release|Any CPU
		{E7C8320E-49A4-4187-AFE3-15C814201E1E}.Release|Any CPU.ActiveCfg = Release|Any CPU
		{E7C8320E-49A4-4187-AFE3-15C814201E1E}.Release|Any CPU.Build.0 = Release|Any CPU
		{E7C8320E-49A4-4187-AFE3-15C814201E1E}.Release|Mixed Platforms.ActiveCfg = Release|Any CPU
		{E7C8320E-49A4-4187-AFE3-15C814201E1E}.Release|Mixed Platforms.Build.0 = Release|Any CPU
		{E7C8320E-49A4-4187-AFE3-15C814201E1E}.Release|x64.ActiveCfg = Release|Any CPU
		{E7C8320E-49A4-4187-AFE3-15C814201E1E}.Release|x64.Build.0 = Release|Any CPU
		{E7C8320E-49A4-4187-AFE3-15C814201E1E}.Release|x86.ActiveCfg = Release|Any CPU
		{E7C8320E-49A4-4187-AFE3-15C814201E1E}.Release|x86.Build.0 = Release|Any CPU
	EndGlobalSection
	GlobalSection(SolutionProperties) = preSolution
		HideSolutionNode = FALSE
	EndGlobalSection
EndGlobal
